// !$*UTF8*$!
{
	archiveVersion = 1;
	classes = {
	};
	objectVersion = 46;
	objects = {

/* Begin PBXBuildFile section */
		CFB8410E18D2B07700FFAFE2 /* Foundation.framework in Frameworks */ = {isa = PBXBuildFile; fileRef = CFB8410D18D2B07700FFAFE2 /* Foundation.framework */; };
		CFB8411018D2B07700FFAFE2 /* CoreGraphics.framework in Frameworks */ = {isa = PBXBuildFile; fileRef = CFB8410F18D2B07700FFAFE2 /* CoreGraphics.framework */; };
		CFB8411218D2B07700FFAFE2 /* UIKit.framework in Frameworks */ = {isa = PBXBuildFile; fileRef = CFB8411118D2B07700FFAFE2 /* UIKit.framework */; };
		CFB8411818D2B07700FFAFE2 /* InfoPlist.strings in Resources */ = {isa = PBXBuildFile; fileRef = CFB8411618D2B07700FFAFE2 /* InfoPlist.strings */; };
		CFB8411A18D2B07700FFAFE2 /* main.m in Sources */ = {isa = PBXBuildFile; fileRef = CFB8411918D2B07700FFAFE2 /* main.m */; };
		CFB8411E18D2B07700FFAFE2 /* VWWAppDelegate.m in Sources */ = {isa = PBXBuildFile; fileRef = CFB8411D18D2B07700FFAFE2 /* VWWAppDelegate.m */; };
		CFB8412118D2B07700FFAFE2 /* Main_iPhone.storyboard in Resources */ = {isa = PBXBuildFile; fileRef = CFB8411F18D2B07700FFAFE2 /* Main_iPhone.storyboard */; };
		CFB8412418D2B07700FFAFE2 /* Main_iPad.storyboard in Resources */ = {isa = PBXBuildFile; fileRef = CFB8412218D2B07700FFAFE2 /* Main_iPad.storyboard */; };
		CFB8412918D2B07700FFAFE2 /* Images.xcassets in Resources */ = {isa = PBXBuildFile; fileRef = CFB8412818D2B07700FFAFE2 /* Images.xcassets */; };
		CFB8413018D2B07700FFAFE2 /* XCTest.framework in Frameworks */ = {isa = PBXBuildFile; fileRef = CFB8412F18D2B07700FFAFE2 /* XCTest.framework */; };
		CFB8413118D2B07700FFAFE2 /* Foundation.framework in Frameworks */ = {isa = PBXBuildFile; fileRef = CFB8410D18D2B07700FFAFE2 /* Foundation.framework */; };
		CFB8413218D2B07700FFAFE2 /* UIKit.framework in Frameworks */ = {isa = PBXBuildFile; fileRef = CFB8411118D2B07700FFAFE2 /* UIKit.framework */; };
		CFB8413A18D2B07700FFAFE2 /* InfoPlist.strings in Resources */ = {isa = PBXBuildFile; fileRef = CFB8413818D2B07700FFAFE2 /* InfoPlist.strings */; };
		CFB8413C18D2B07700FFAFE2 /* ApophisTests.m in Sources */ = {isa = PBXBuildFile; fileRef = CFB8413B18D2B07700FFAFE2 /* ApophisTests.m */; };
		CFB8416418D2B17100FFAFE2 /* NSTimer+Blocks.m in Sources */ = {isa = PBXBuildFile; fileRef = CFB8414718D2B17100FFAFE2 /* NSTimer+Blocks.m */; };
		CFB8416518D2B17100FFAFE2 /* RosyWriterViewController.m in Sources */ = {isa = PBXBuildFile; fileRef = CFB8414B18D2B17100FFAFE2 /* RosyWriterViewController.m */; settings = {COMPILER_FLAGS = "-fno-objc-arc"; }; };
		CFB8416618D2B17100FFAFE2 /* RosyWriterVideoProcessor.m in Sources */ = {isa = PBXBuildFile; fileRef = CFB8414E18D2B17100FFAFE2 /* RosyWriterVideoProcessor.m */; settings = {COMPILER_FLAGS = "-fno-objc-arc"; }; };
		CFB8416718D2B17100FFAFE2 /* passThrough.fsh in Resources */ = {isa = PBXBuildFile; fileRef = CFB8415418D2B17100FFAFE2 /* passThrough.fsh */; };
		CFB8416818D2B17100FFAFE2 /* passThrough.vsh in Resources */ = {isa = PBXBuildFile; fileRef = CFB8415518D2B17100FFAFE2 /* passThrough.vsh */; };
		CFB8416918D2B17100FFAFE2 /* MBProgressHUD.m in Sources */ = {isa = PBXBuildFile; fileRef = CFB8415918D2B17100FFAFE2 /* MBProgressHUD.m */; };
		CFB8416A18D2B17100FFAFE2 /* ShaderUtilities.c in Sources */ = {isa = PBXBuildFile; fileRef = CFB8415B18D2B17100FFAFE2 /* ShaderUtilities.c */; };
		CFB8416B18D2B17100FFAFE2 /* VWWUserDefaults.m in Sources */ = {isa = PBXBuildFile; fileRef = CFB8415E18D2B17100FFAFE2 /* VWWUserDefaults.m */; };
		CFB8416C18D2B17100FFAFE2 /* VWWUtilities.m in Sources */ = {isa = PBXBuildFile; fileRef = CFB8416018D2B17100FFAFE2 /* VWWUtilities.m */; };
		CFB8416D18D2B17100FFAFE2 /* RosyWriterPreviewView.m in Sources */ = {isa = PBXBuildFile; fileRef = CFB8416318D2B17100FFAFE2 /* RosyWriterPreviewView.m */; settings = {COMPILER_FLAGS = "-fno-objc-arc"; }; };
/* End PBXBuildFile section */

/* Begin PBXContainerItemProxy section */
		CFB8413318D2B07700FFAFE2 /* PBXContainerItemProxy */ = {
			isa = PBXContainerItemProxy;
			containerPortal = CFB8410218D2B07700FFAFE2 /* Project object */;
			proxyType = 1;
			remoteGlobalIDString = CFB8410918D2B07700FFAFE2;
			remoteInfo = Apophis;
		};
/* End PBXContainerItemProxy section */

/* Begin PBXFileReference section */
		CFB8410A18D2B07700FFAFE2 /* Apophis.app */ = {isa = PBXFileReference; explicitFileType = wrapper.application; includeInIndex = 0; path = Apophis.app; sourceTree = BUILT_PRODUCTS_DIR; };
		CFB8410D18D2B07700FFAFE2 /* Foundation.framework */ = {isa = PBXFileReference; lastKnownFileType = wrapper.framework; name = Foundation.framework; path = System/Library/Frameworks/Foundation.framework; sourceTree = SDKROOT; };
		CFB8410F18D2B07700FFAFE2 /* CoreGraphics.framework */ = {isa = PBXFileReference; lastKnownFileType = wrapper.framework; name = CoreGraphics.framework; path = System/Library/Frameworks/CoreGraphics.framework; sourceTree = SDKROOT; };
		CFB8411118D2B07700FFAFE2 /* UIKit.framework */ = {isa = PBXFileReference; lastKnownFileType = wrapper.framework; name = UIKit.framework; path = System/Library/Frameworks/UIKit.framework; sourceTree = SDKROOT; };
		CFB8411518D2B07700FFAFE2 /* Apophis-Info.plist */ = {isa = PBXFileReference; lastKnownFileType = text.plist.xml; path = "Apophis-Info.plist"; sourceTree = "<group>"; };
		CFB8411718D2B07700FFAFE2 /* en */ = {isa = PBXFileReference; lastKnownFileType = text.plist.strings; name = en; path = en.lproj/InfoPlist.strings; sourceTree = "<group>"; };
		CFB8411918D2B07700FFAFE2 /* main.m */ = {isa = PBXFileReference; lastKnownFileType = sourcecode.c.objc; path = main.m; sourceTree = "<group>"; };
		CFB8411B18D2B07700FFAFE2 /* Apophis-Prefix.pch */ = {isa = PBXFileReference; lastKnownFileType = sourcecode.c.h; path = "Apophis-Prefix.pch"; sourceTree = "<group>"; };
		CFB8411C18D2B07700FFAFE2 /* VWWAppDelegate.h */ = {isa = PBXFileReference; lastKnownFileType = sourcecode.c.h; path = VWWAppDelegate.h; sourceTree = "<group>"; };
		CFB8411D18D2B07700FFAFE2 /* VWWAppDelegate.m */ = {isa = PBXFileReference; lastKnownFileType = sourcecode.c.objc; path = VWWAppDelegate.m; sourceTree = "<group>"; };
		CFB8412018D2B07700FFAFE2 /* Base */ = {isa = PBXFileReference; lastKnownFileType = file.storyboard; name = Base; path = Base.lproj/Main_iPhone.storyboard; sourceTree = "<group>"; };
		CFB8412318D2B07700FFAFE2 /* Base */ = {isa = PBXFileReference; lastKnownFileType = file.storyboard; name = Base; path = Base.lproj/Main_iPad.storyboard; sourceTree = "<group>"; };
		CFB8412818D2B07700FFAFE2 /* Images.xcassets */ = {isa = PBXFileReference; lastKnownFileType = folder.assetcatalog; path = Images.xcassets; sourceTree = "<group>"; };
		CFB8412E18D2B07700FFAFE2 /* ApophisTests.xctest */ = {isa = PBXFileReference; explicitFileType = wrapper.cfbundle; includeInIndex = 0; path = ApophisTests.xctest; sourceTree = BUILT_PRODUCTS_DIR; };
		CFB8412F18D2B07700FFAFE2 /* XCTest.framework */ = {isa = PBXFileReference; lastKnownFileType = wrapper.framework; name = XCTest.framework; path = Library/Frameworks/XCTest.framework; sourceTree = DEVELOPER_DIR; };
		CFB8413718D2B07700FFAFE2 /* ApophisTests-Info.plist */ = {isa = PBXFileReference; lastKnownFileType = text.plist.xml; path = "ApophisTests-Info.plist"; sourceTree = "<group>"; };
		CFB8413918D2B07700FFAFE2 /* en */ = {isa = PBXFileReference; lastKnownFileType = text.plist.strings; name = en; path = en.lproj/InfoPlist.strings; sourceTree = "<group>"; };
		CFB8413B18D2B07700FFAFE2 /* ApophisTests.m */ = {isa = PBXFileReference; lastKnownFileType = sourcecode.c.objc; path = ApophisTests.m; sourceTree = "<group>"; };
		CFB8414618D2B17100FFAFE2 /* NSTimer+Blocks.h */ = {isa = PBXFileReference; fileEncoding = 4; lastKnownFileType = sourcecode.c.h; path = "NSTimer+Blocks.h"; sourceTree = "<group>"; };
		CFB8414718D2B17100FFAFE2 /* NSTimer+Blocks.m */ = {isa = PBXFileReference; fileEncoding = 4; lastKnownFileType = sourcecode.c.objc; path = "NSTimer+Blocks.m"; sourceTree = "<group>"; };
		CFB8414A18D2B17100FFAFE2 /* RosyWriterViewController.h */ = {isa = PBXFileReference; fileEncoding = 4; lastKnownFileType = sourcecode.c.h; path = RosyWriterViewController.h; sourceTree = "<group>"; };
		CFB8414B18D2B17100FFAFE2 /* RosyWriterViewController.m */ = {isa = PBXFileReference; fileEncoding = 4; lastKnownFileType = sourcecode.c.objc; path = RosyWriterViewController.m; sourceTree = "<group>"; };
		CFB8414D18D2B17100FFAFE2 /* RosyWriterVideoProcessor.h */ = {isa = PBXFileReference; fileEncoding = 4; lastKnownFileType = sourcecode.c.h; path = RosyWriterVideoProcessor.h; sourceTree = "<group>"; };
		CFB8414E18D2B17100FFAFE2 /* RosyWriterVideoProcessor.m */ = {isa = PBXFileReference; fileEncoding = 4; lastKnownFileType = sourcecode.c.objc; path = RosyWriterVideoProcessor.m; sourceTree = "<group>"; };
		CFB8415018D2B17100FFAFE2 /* VWWBlocks.h */ = {isa = PBXFileReference; fileEncoding = 4; lastKnownFileType = sourcecode.c.h; path = VWWBlocks.h; sourceTree = "<group>"; };
		CFB8415118D2B17100FFAFE2 /* VWWDefines.h */ = {isa = PBXFileReference; fileEncoding = 4; lastKnownFileType = sourcecode.c.h; path = VWWDefines.h; sourceTree = "<group>"; };
		CFB8415218D2B17100FFAFE2 /* VWWTypes.h */ = {isa = PBXFileReference; fileEncoding = 4; lastKnownFileType = sourcecode.c.h; path = VWWTypes.h; sourceTree = "<group>"; };
		CFB8415418D2B17100FFAFE2 /* passThrough.fsh */ = {isa = PBXFileReference; fileEncoding = 4; lastKnownFileType = sourcecode.glsl; path = passThrough.fsh; sourceTree = "<group>"; };
		CFB8415518D2B17100FFAFE2 /* passThrough.vsh */ = {isa = PBXFileReference; fileEncoding = 4; lastKnownFileType = sourcecode.glsl; path = passThrough.vsh; sourceTree = "<group>"; };
		CFB8415818D2B17100FFAFE2 /* MBProgressHUD.h */ = {isa = PBXFileReference; fileEncoding = 4; lastKnownFileType = sourcecode.c.h; path = MBProgressHUD.h; sourceTree = "<group>"; };
		CFB8415918D2B17100FFAFE2 /* MBProgressHUD.m */ = {isa = PBXFileReference; fileEncoding = 4; lastKnownFileType = sourcecode.c.objc; path = MBProgressHUD.m; sourceTree = "<group>"; };
		CFB8415B18D2B17100FFAFE2 /* ShaderUtilities.c */ = {isa = PBXFileReference; fileEncoding = 4; lastKnownFileType = sourcecode.c.c; path = ShaderUtilities.c; sourceTree = "<group>"; };
		CFB8415C18D2B17100FFAFE2 /* ShaderUtilities.h */ = {isa = PBXFileReference; fileEncoding = 4; lastKnownFileType = sourcecode.c.h; path = ShaderUtilities.h; sourceTree = "<group>"; };
		CFB8415D18D2B17100FFAFE2 /* VWWUserDefaults.h */ = {isa = PBXFileReference; fileEncoding = 4; lastKnownFileType = sourcecode.c.h; path = VWWUserDefaults.h; sourceTree = "<group>"; };
		CFB8415E18D2B17100FFAFE2 /* VWWUserDefaults.m */ = {isa = PBXFileReference; fileEncoding = 4; lastKnownFileType = sourcecode.c.objc; path = VWWUserDefaults.m; sourceTree = "<group>"; };
		CFB8415F18D2B17100FFAFE2 /* VWWUtilities.h */ = {isa = PBXFileReference; fileEncoding = 4; lastKnownFileType = sourcecode.c.h; path = VWWUtilities.h; sourceTree = "<group>"; };
		CFB8416018D2B17100FFAFE2 /* VWWUtilities.m */ = {isa = PBXFileReference; fileEncoding = 4; lastKnownFileType = sourcecode.c.objc; path = VWWUtilities.m; sourceTree = "<group>"; };
		CFB8416218D2B17100FFAFE2 /* RosyWriterPreviewView.h */ = {isa = PBXFileReference; fileEncoding = 4; lastKnownFileType = sourcecode.c.h; path = RosyWriterPreviewView.h; sourceTree = "<group>"; };
		CFB8416318D2B17100FFAFE2 /* RosyWriterPreviewView.m */ = {isa = PBXFileReference; fileEncoding = 4; lastKnownFileType = sourcecode.c.objc; path = RosyWriterPreviewView.m; sourceTree = "<group>"; };
/* End PBXFileReference section */

/* Begin PBXFrameworksBuildPhase section */
		CFB8410718D2B07700FFAFE2 /* Frameworks */ = {
			isa = PBXFrameworksBuildPhase;
			buildActionMask = 2147483647;
			files = (
				CFB8411018D2B07700FFAFE2 /* CoreGraphics.framework in Frameworks */,
				CFB8411218D2B07700FFAFE2 /* UIKit.framework in Frameworks */,
				CFB8410E18D2B07700FFAFE2 /* Foundation.framework in Frameworks */,
			);
			runOnlyForDeploymentPostprocessing = 0;
		};
		CFB8412B18D2B07700FFAFE2 /* Frameworks */ = {
			isa = PBXFrameworksBuildPhase;
			buildActionMask = 2147483647;
			files = (
				CFB8413018D2B07700FFAFE2 /* XCTest.framework in Frameworks */,
				CFB8413218D2B07700FFAFE2 /* UIKit.framework in Frameworks */,
				CFB8413118D2B07700FFAFE2 /* Foundation.framework in Frameworks */,
			);
			runOnlyForDeploymentPostprocessing = 0;
		};
/* End PBXFrameworksBuildPhase section */

/* Begin PBXGroup section */
		CFB8410118D2B07700FFAFE2 = {
			isa = PBXGroup;
			children = (
				CFB8411318D2B07700FFAFE2 /* Apophis */,
				CFB8413518D2B07700FFAFE2 /* ApophisTests */,
				CFB8410C18D2B07700FFAFE2 /* Frameworks */,
				CFB8410B18D2B07700FFAFE2 /* Products */,
			);
			sourceTree = "<group>";
		};
		CFB8410B18D2B07700FFAFE2 /* Products */ = {
			isa = PBXGroup;
			children = (
				CFB8410A18D2B07700FFAFE2 /* Apophis.app */,
				CFB8412E18D2B07700FFAFE2 /* ApophisTests.xctest */,
			);
			name = Products;
			sourceTree = "<group>";
		};
		CFB8410C18D2B07700FFAFE2 /* Frameworks */ = {
			isa = PBXGroup;
			children = (
				CFB8410D18D2B07700FFAFE2 /* Foundation.framework */,
				CFB8410F18D2B07700FFAFE2 /* CoreGraphics.framework */,
				CFB8411118D2B07700FFAFE2 /* UIKit.framework */,
				CFB8412F18D2B07700FFAFE2 /* XCTest.framework */,
			);
			name = Frameworks;
			sourceTree = "<group>";
		};
		CFB8411318D2B07700FFAFE2 /* Apophis */ = {
			isa = PBXGroup;
			children = (
				CFB8414518D2B17100FFAFE2 /* Categories */,
				CFB8414818D2B17100FFAFE2 /* Controllers */,
				CFB8414F18D2B17100FFAFE2 /* Include */,
				CFB8415318D2B17100FFAFE2 /* Shaders */,
				CFB8415618D2B17100FFAFE2 /* ThirdParty */,
				CFB8415A18D2B17100FFAFE2 /* Utilities */,
				CFB8416118D2B17100FFAFE2 /* View */,
				CFB8411C18D2B07700FFAFE2 /* VWWAppDelegate.h */,
				CFB8411D18D2B07700FFAFE2 /* VWWAppDelegate.m */,
				CFB8411F18D2B07700FFAFE2 /* Main_iPhone.storyboard */,
				CFB8412218D2B07700FFAFE2 /* Main_iPad.storyboard */,
				CFB8412818D2B07700FFAFE2 /* Images.xcassets */,
				CFB8411418D2B07700FFAFE2 /* Supporting Files */,
			);
			path = Apophis;
			sourceTree = "<group>";
		};
		CFB8411418D2B07700FFAFE2 /* Supporting Files */ = {
			isa = PBXGroup;
			children = (
				CFB8411518D2B07700FFAFE2 /* Apophis-Info.plist */,
				CFB8411618D2B07700FFAFE2 /* InfoPlist.strings */,
				CFB8411918D2B07700FFAFE2 /* main.m */,
				CFB8411B18D2B07700FFAFE2 /* Apophis-Prefix.pch */,
			);
			name = "Supporting Files";
			sourceTree = "<group>";
		};
		CFB8413518D2B07700FFAFE2 /* ApophisTests */ = {
			isa = PBXGroup;
			children = (
				CFB8413B18D2B07700FFAFE2 /* ApophisTests.m */,
				CFB8413618D2B07700FFAFE2 /* Supporting Files */,
			);
			path = ApophisTests;
			sourceTree = "<group>";
		};
		CFB8413618D2B07700FFAFE2 /* Supporting Files */ = {
			isa = PBXGroup;
			children = (
				CFB8413718D2B07700FFAFE2 /* ApophisTests-Info.plist */,
				CFB8413818D2B07700FFAFE2 /* InfoPlist.strings */,
			);
			name = "Supporting Files";
			sourceTree = "<group>";
		};
		CFB8414518D2B17100FFAFE2 /* Categories */ = {
			isa = PBXGroup;
			children = (
				CFB8414618D2B17100FFAFE2 /* NSTimer+Blocks.h */,
				CFB8414718D2B17100FFAFE2 /* NSTimer+Blocks.m */,
			);
			path = Categories;
			sourceTree = "<group>";
		};
		CFB8414818D2B17100FFAFE2 /* Controllers */ = {
			isa = PBXGroup;
			children = (
				CFB8414918D2B17100FFAFE2 /* GUI */,
				CFB8414C18D2B17100FFAFE2 /* NonGUI */,
			);
			path = Controllers;
			sourceTree = "<group>";
		};
		CFB8414918D2B17100FFAFE2 /* GUI */ = {
			isa = PBXGroup;
			children = (
				CFB8414A18D2B17100FFAFE2 /* RosyWriterViewController.h */,
				CFB8414B18D2B17100FFAFE2 /* RosyWriterViewController.m */,
			);
			path = GUI;
			sourceTree = "<group>";
		};
		CFB8414C18D2B17100FFAFE2 /* NonGUI */ = {
			isa = PBXGroup;
			children = (
				CFB8414D18D2B17100FFAFE2 /* RosyWriterVideoProcessor.h */,
				CFB8414E18D2B17100FFAFE2 /* RosyWriterVideoProcessor.m */,
			);
			path = NonGUI;
			sourceTree = "<group>";
		};
		CFB8414F18D2B17100FFAFE2 /* Include */ = {
			isa = PBXGroup;
			children = (
				CFB8415018D2B17100FFAFE2 /* VWWBlocks.h */,
				CFB8415118D2B17100FFAFE2 /* VWWDefines.h */,
				CFB8415218D2B17100FFAFE2 /* VWWTypes.h */,
			);
			path = Include;
			sourceTree = "<group>";
		};
		CFB8415318D2B17100FFAFE2 /* Shaders */ = {
			isa = PBXGroup;
			children = (
				CFB8415418D2B17100FFAFE2 /* passThrough.fsh */,
				CFB8415518D2B17100FFAFE2 /* passThrough.vsh */,
			);
			path = Shaders;
			sourceTree = "<group>";
		};
		CFB8415618D2B17100FFAFE2 /* ThirdParty */ = {
			isa = PBXGroup;
			children = (
				CFB8415718D2B17100FFAFE2 /* MBProgressHUD */,
			);
			path = ThirdParty;
			sourceTree = "<group>";
		};
		CFB8415718D2B17100FFAFE2 /* MBProgressHUD */ = {
			isa = PBXGroup;
			children = (
				CFB8415818D2B17100FFAFE2 /* MBProgressHUD.h */,
				CFB8415918D2B17100FFAFE2 /* MBProgressHUD.m */,
			);
			path = MBProgressHUD;
			sourceTree = "<group>";
		};
		CFB8415A18D2B17100FFAFE2 /* Utilities */ = {
			isa = PBXGroup;
			children = (
				CFB8415B18D2B17100FFAFE2 /* ShaderUtilities.c */,
				CFB8415C18D2B17100FFAFE2 /* ShaderUtilities.h */,
				CFB8415D18D2B17100FFAFE2 /* VWWUserDefaults.h */,
				CFB8415E18D2B17100FFAFE2 /* VWWUserDefaults.m */,
				CFB8415F18D2B17100FFAFE2 /* VWWUtilities.h */,
				CFB8416018D2B17100FFAFE2 /* VWWUtilities.m */,
			);
			path = Utilities;
			sourceTree = "<group>";
		};
		CFB8416118D2B17100FFAFE2 /* View */ = {
			isa = PBXGroup;
			children = (
				CFB8416218D2B17100FFAFE2 /* RosyWriterPreviewView.h */,
				CFB8416318D2B17100FFAFE2 /* RosyWriterPreviewView.m */,
			);
			path = View;
			sourceTree = "<group>";
		};
/* End PBXGroup section */

/* Begin PBXNativeTarget section */
		CFB8410918D2B07700FFAFE2 /* Apophis */ = {
			isa = PBXNativeTarget;
			buildConfigurationList = CFB8413F18D2B07700FFAFE2 /* Build configuration list for PBXNativeTarget "Apophis" */;
			buildPhases = (
				CFB8410618D2B07700FFAFE2 /* Sources */,
				CFB8410718D2B07700FFAFE2 /* Frameworks */,
				CFB8410818D2B07700FFAFE2 /* Resources */,
			);
			buildRules = (
			);
			dependencies = (
			);
			name = Apophis;
			productName = Apophis;
			productReference = CFB8410A18D2B07700FFAFE2 /* Apophis.app */;
			productType = "com.apple.product-type.application";
		};
		CFB8412D18D2B07700FFAFE2 /* ApophisTests */ = {
			isa = PBXNativeTarget;
			buildConfigurationList = CFB8414218D2B07700FFAFE2 /* Build configuration list for PBXNativeTarget "ApophisTests" */;
			buildPhases = (
				CFB8412A18D2B07700FFAFE2 /* Sources */,
				CFB8412B18D2B07700FFAFE2 /* Frameworks */,
				CFB8412C18D2B07700FFAFE2 /* Resources */,
			);
			buildRules = (
			);
			dependencies = (
				CFB8413418D2B07700FFAFE2 /* PBXTargetDependency */,
			);
			name = ApophisTests;
			productName = ApophisTests;
			productReference = CFB8412E18D2B07700FFAFE2 /* ApophisTests.xctest */;
			productType = "com.apple.product-type.bundle.unit-test";
		};
/* End PBXNativeTarget section */

/* Begin PBXProject section */
		CFB8410218D2B07700FFAFE2 /* Project object */ = {
			isa = PBXProject;
			attributes = {
				CLASSPREFIX = VWW;
				LastUpgradeCheck = 0510;
				ORGANIZATIONNAME = "Zakk Hoyt";
				TargetAttributes = {
					CFB8412D18D2B07700FFAFE2 = {
						TestTargetID = CFB8410918D2B07700FFAFE2;
					};
				};
			};
			buildConfigurationList = CFB8410518D2B07700FFAFE2 /* Build configuration list for PBXProject "Apophis" */;
			compatibilityVersion = "Xcode 3.2";
			developmentRegion = English;
			hasScannedForEncodings = 0;
			knownRegions = (
				en,
				Base,
			);
			mainGroup = CFB8410118D2B07700FFAFE2;
			productRefGroup = CFB8410B18D2B07700FFAFE2 /* Products */;
			projectDirPath = "";
			projectRoot = "";
			targets = (
				CFB8410918D2B07700FFAFE2 /* Apophis */,
				CFB8412D18D2B07700FFAFE2 /* ApophisTests */,
			);
		};
/* End PBXProject section */

/* Begin PBXResourcesBuildPhase section */
		CFB8410818D2B07700FFAFE2 /* Resources */ = {
			isa = PBXResourcesBuildPhase;
			buildActionMask = 2147483647;
			files = (
				CFB8416818D2B17100FFAFE2 /* passThrough.vsh in Resources */,
				CFB8412418D2B07700FFAFE2 /* Main_iPad.storyboard in Resources */,
				CFB8412918D2B07700FFAFE2 /* Images.xcassets in Resources */,
				CFB8412118D2B07700FFAFE2 /* Main_iPhone.storyboard in Resources */,
				CFB8411818D2B07700FFAFE2 /* InfoPlist.strings in Resources */,
				CFB8416718D2B17100FFAFE2 /* passThrough.fsh in Resources */,
			);
			runOnlyForDeploymentPostprocessing = 0;
		};
		CFB8412C18D2B07700FFAFE2 /* Resources */ = {
			isa = PBXResourcesBuildPhase;
			buildActionMask = 2147483647;
			files = (
				CFB8413A18D2B07700FFAFE2 /* InfoPlist.strings in Resources */,
			);
			runOnlyForDeploymentPostprocessing = 0;
		};
/* End PBXResourcesBuildPhase section */

/* Begin PBXSourcesBuildPhase section */
		CFB8410618D2B07700FFAFE2 /* Sources */ = {
			isa = PBXSourcesBuildPhase;
			buildActionMask = 2147483647;
			files = (
				CFB8416418D2B17100FFAFE2 /* NSTimer+Blocks.m in Sources */,
				CFB8416918D2B17100FFAFE2 /* MBProgressHUD.m in Sources */,
				CFB8416C18D2B17100FFAFE2 /* VWWUtilities.m in Sources */,
				CFB8416D18D2B17100FFAFE2 /* RosyWriterPreviewView.m in Sources */,
				CFB8411A18D2B07700FFAFE2 /* main.m in Sources */,
				CFB8416A18D2B17100FFAFE2 /* ShaderUtilities.c in Sources */,
				CFB8416518D2B17100FFAFE2 /* RosyWriterViewController.m in Sources */,
				CFB8411E18D2B07700FFAFE2 /* VWWAppDelegate.m in Sources */,
				CFB8416618D2B17100FFAFE2 /* RosyWriterVideoProcessor.m in Sources */,
				CFB8416B18D2B17100FFAFE2 /* VWWUserDefaults.m in Sources */,
			);
			runOnlyForDeploymentPostprocessing = 0;
		};
		CFB8412A18D2B07700FFAFE2 /* Sources */ = {
			isa = PBXSourcesBuildPhase;
			buildActionMask = 2147483647;
			files = (
				CFB8413C18D2B07700FFAFE2 /* ApophisTests.m in Sources */,
			);
			runOnlyForDeploymentPostprocessing = 0;
		};
/* End PBXSourcesBuildPhase section */

/* Begin PBXTargetDependency section */
		CFB8413418D2B07700FFAFE2 /* PBXTargetDependency */ = {
			isa = PBXTargetDependency;
			target = CFB8410918D2B07700FFAFE2 /* Apophis */;
			targetProxy = CFB8413318D2B07700FFAFE2 /* PBXContainerItemProxy */;
		};
/* End PBXTargetDependency section */

/* Begin PBXVariantGroup section */
		CFB8411618D2B07700FFAFE2 /* InfoPlist.strings */ = {
			isa = PBXVariantGroup;
			children = (
				CFB8411718D2B07700FFAFE2 /* en */,
			);
			name = InfoPlist.strings;
			sourceTree = "<group>";
		};
		CFB8411F18D2B07700FFAFE2 /* Main_iPhone.storyboard */ = {
			isa = PBXVariantGroup;
			children = (
				CFB8412018D2B07700FFAFE2 /* Base */,
			);
			name = Main_iPhone.storyboard;
			sourceTree = "<group>";
		};
		CFB8412218D2B07700FFAFE2 /* Main_iPad.storyboard */ = {
			isa = PBXVariantGroup;
			children = (
				CFB8412318D2B07700FFAFE2 /* Base */,
			);
			name = Main_iPad.storyboard;
			sourceTree = "<group>";
		};
		CFB8413818D2B07700FFAFE2 /* InfoPlist.strings */ = {
			isa = PBXVariantGroup;
			children = (
				CFB8413918D2B07700FFAFE2 /* en */,
			);
			name = InfoPlist.strings;
			sourceTree = "<group>";
		};
/* End PBXVariantGroup section */

/* Begin XCBuildConfiguration section */
		CFB8413D18D2B07700FFAFE2 /* Debug */ = {
			isa = XCBuildConfiguration;
			buildSettings = {
				ALWAYS_SEARCH_USER_PATHS = NO;
				CLANG_CXX_LANGUAGE_STANDARD = "gnu++0x";
				CLANG_CXX_LIBRARY = "libc++";
				CLANG_ENABLE_MODULES = YES;
				CLANG_ENABLE_OBJC_ARC = YES;
				CLANG_WARN_BOOL_CONVERSION = YES;
				CLANG_WARN_CONSTANT_CONVERSION = YES;
				CLANG_WARN_DIRECT_OBJC_ISA_USAGE = YES_ERROR;
				CLANG_WARN_EMPTY_BODY = YES;
				CLANG_WARN_ENUM_CONVERSION = YES;
				CLANG_WARN_INT_CONVERSION = YES;
				CLANG_WARN_OBJC_ROOT_CLASS = YES_ERROR;
				CLANG_WARN__DUPLICATE_METHOD_MATCH = YES;
				"CODE_SIGN_IDENTITY[sdk=iphoneos*]" = "iPhone Developer";
				COPY_PHASE_STRIP = NO;
				GCC_C_LANGUAGE_STANDARD = gnu99;
				GCC_DYNAMIC_NO_PIC = NO;
				GCC_OPTIMIZATION_LEVEL = 0;
				GCC_PREPROCESSOR_DEFINITIONS = (
					"DEBUG=1",
					"$(inherited)",
				);
				GCC_SYMBOLS_PRIVATE_EXTERN = NO;
				GCC_WARN_64_TO_32_BIT_CONVERSION = YES;
				GCC_WARN_ABOUT_RETURN_TYPE = YES_ERROR;
				GCC_WARN_UNDECLARED_SELECTOR = YES;
				GCC_WARN_UNINITIALIZED_AUTOS = YES_AGGRESSIVE;
				GCC_WARN_UNUSED_FUNCTION = YES;
				GCC_WARN_UNUSED_VARIABLE = YES;
				IPHONEOS_DEPLOYMENT_TARGET = 7.1;
				ONLY_ACTIVE_ARCH = YES;
				SDKROOT = iphoneos;
				TARGETED_DEVICE_FAMILY = "1,2";
			};
			name = Debug;
		};
		CFB8413E18D2B07700FFAFE2 /* Release */ = {
			isa = XCBuildConfiguration;
			buildSettings = {
				ALWAYS_SEARCH_USER_PATHS = NO;
				CLANG_CXX_LANGUAGE_STANDARD = "gnu++0x";
				CLANG_CXX_LIBRARY = "libc++";
				CLANG_ENABLE_MODULES = YES;
				CLANG_ENABLE_OBJC_ARC = YES;
				CLANG_WARN_BOOL_CONVERSION = YES;
				CLANG_WARN_CONSTANT_CONVERSION = YES;
				CLANG_WARN_DIRECT_OBJC_ISA_USAGE = YES_ERROR;
				CLANG_WARN_EMPTY_BODY = YES;
				CLANG_WARN_ENUM_CONVERSION = YES;
				CLANG_WARN_INT_CONVERSION = YES;
				CLANG_WARN_OBJC_ROOT_CLASS = YES_ERROR;
				CLANG_WARN__DUPLICATE_METHOD_MATCH = YES;
				"CODE_SIGN_IDENTITY[sdk=iphoneos*]" = "iPhone Developer";
				COPY_PHASE_STRIP = YES;
				ENABLE_NS_ASSERTIONS = NO;
				GCC_C_LANGUAGE_STANDARD = gnu99;
				GCC_WARN_64_TO_32_BIT_CONVERSION = YES;
				GCC_WARN_ABOUT_RETURN_TYPE = YES_ERROR;
				GCC_WARN_UNDECLARED_SELECTOR = YES;
				GCC_WARN_UNINITIALIZED_AUTOS = YES_AGGRESSIVE;
				GCC_WARN_UNUSED_FUNCTION = YES;
				GCC_WARN_UNUSED_VARIABLE = YES;
				IPHONEOS_DEPLOYMENT_TARGET = 7.1;
				SDKROOT = iphoneos;
				TARGETED_DEVICE_FAMILY = "1,2";
				VALIDATE_PRODUCT = YES;
			};
			name = Release;
		};
		CFB8414018D2B07700FFAFE2 /* Debug */ = {
			isa = XCBuildConfiguration;
			buildSettings = {
				ASSETCATALOG_COMPILER_APPICON_NAME = AppIcon;
				ASSETCATALOG_COMPILER_LAUNCHIMAGE_NAME = LaunchImage;
				CODE_SIGN_IDENTITY = "iPhone Developer: zakk hoyt (65NJ4ZPC44)";
				GCC_PRECOMPILE_PREFIX_HEADER = YES;
				GCC_PREFIX_HEADER = "Apophis/Apophis-Prefix.pch";
				INFOPLIST_FILE = "Apophis/Apophis-Info.plist";
				PRODUCT_NAME = "$(TARGET_NAME)";
				WRAPPER_EXTENSION = app;
			};
			name = Debug;
		};
		CFB8414118D2B07700FFAFE2 /* Release */ = {
			isa = XCBuildConfiguration;
			buildSettings = {
				ASSETCATALOG_COMPILER_APPICON_NAME = AppIcon;
				ASSETCATALOG_COMPILER_LAUNCHIMAGE_NAME = LaunchImage;
				CODE_SIGN_IDENTITY = "iPhone Developer: zakk hoyt (65NJ4ZPC44)";
				GCC_PRECOMPILE_PREFIX_HEADER = YES;
				GCC_PREFIX_HEADER = "Apophis/Apophis-Prefix.pch";
				INFOPLIST_FILE = "Apophis/Apophis-Info.plist";
				PRODUCT_NAME = "$(TARGET_NAME)";
				WRAPPER_EXTENSION = app;
			};
			name = Release;
		};
		CFB8414318D2B07700FFAFE2 /* Debug */ = {
			isa = XCBuildConfiguration;
			buildSettings = {
				BUNDLE_LOADER = "$(BUILT_PRODUCTS_DIR)/Apophis.app/Apophis";
				FRAMEWORK_SEARCH_PATHS = (
					"$(SDKROOT)/Developer/Library/Frameworks",
					"$(inherited)",
					"$(DEVELOPER_FRAMEWORKS_DIR)",
				);
				GCC_PRECOMPILE_PREFIX_HEADER = YES;
				GCC_PREFIX_HEADER = "Apophis/Apophis-Prefix.pch";
				GCC_PREPROCESSOR_DEFINITIONS = (
					"DEBUG=1",
					"$(inherited)",
				);
				INFOPLIST_FILE = "ApophisTests/ApophisTests-Info.plist";
				PRODUCT_NAME = "$(TARGET_NAME)";
				TEST_HOST = "$(BUNDLE_LOADER)";
				WRAPPER_EXTENSION = xctest;
			};
			name = Debug;
		};
		CFB8414418D2B07700FFAFE2 /* Release */ = {
			isa = XCBuildConfiguration;
			buildSettings = {
				BUNDLE_LOADER = "$(BUILT_PRODUCTS_DIR)/Apophis.app/Apophis";
				FRAMEWORK_SEARCH_PATHS = (
					"$(SDKROOT)/Developer/Library/Frameworks",
					"$(inherited)",
					"$(DEVELOPER_FRAMEWORKS_DIR)",
				);
				GCC_PRECOMPILE_PREFIX_HEADER = YES;
				GCC_PREFIX_HEADER = "Apophis/Apophis-Prefix.pch";
				INFOPLIST_FILE = "ApophisTests/ApophisTests-Info.plist";
				PRODUCT_NAME = "$(TARGET_NAME)";
				TEST_HOST = "$(BUNDLE_LOADER)";
				WRAPPER_EXTENSION = xctest;
			};
			name = Release;
		};
/* End XCBuildConfiguration section */

/* Begin XCConfigurationList section */
		CFB8410518D2B07700FFAFE2 /* Build configuration list for PBXProject "Apophis" */ = {
			isa = XCConfigurationList;
			buildConfigurations = (
				CFB8413D18D2B07700FFAFE2 /* Debug */,
				CFB8413E18D2B07700FFAFE2 /* Release */,
			);
			defaultConfigurationIsVisible = 0;
			defaultConfigurationName = Release;
		};
		CFB8413F18D2B07700FFAFE2 /* Build configuration list for PBXNativeTarget "Apophis" */ = {
			isa = XCConfigurationList;
			buildConfigurations = (
				CFB8414018D2B07700FFAFE2 /* Debug */,
				CFB8414118D2B07700FFAFE2 /* Release */,
			);
			defaultConfigurationIsVisible = 0;
			defaultConfigurationName = Release;
		};
		CFB8414218D2B07700FFAFE2 /* Build configuration list for PBXNativeTarget "ApophisTests" */ = {
			isa = XCConfigurationList;
			buildConfigurations = (
				CFB8414318D2B07700FFAFE2 /* Debug */,
				CFB8414418D2B07700FFAFE2 /* Release */,
			);
			defaultConfigurationIsVisible = 0;
			defaultConfigurationName = Release;
		};
/* End XCConfigurationList section */
	};
	rootObject = CFB8410218D2B07700FFAFE2 /* Project object */;
}
